
Microsoft Visual Studio Solution File, Format Version 12.00
# Visual Studio Version 17
VisualStudioVersion = 17.9.34607.119
MinimumVisualStudioVersion = 10.0.40219.1
Project("{8BC9CEB8-8B4A-11D0-8D11-00A0C91BC942}") = "OOP_6", "OOP_6.vcxproj", "{CD00129E-9074-4BE4-A19D-A6EC4A620BBE}"
EndProject
Global
	GlobalSection(SolutionConfigurationPlatforms) = preSolution
		Debug|x64 = Debug|x64
		Debug|x86 = Debug|x86
		Release|x64 = Release|x64
		Release|x86 = Release|x86
	EndGlobalSection
	GlobalSection(ProjectConfigurationPlatforms) = postSolution
		{CD00129E-9074-4BE4-A19D-A6EC4A620BBE}.Debug|x64.ActiveCfg = Debug|x64
		{CD00129E-9074-4BE4-A19D-A6EC4A620BBE}.Debug|x64.Build.0 = Debug|x64
		{CD00129E-9074-4BE4-A19D-A6EC4A620BBE}.Debug|x86.ActiveCfg = Debug|Win32
		{CD00129E-9074-4BE4-A19D-A6EC4A620BBE}.Debug|x86.Build.0 = Debug|Win32
		{CD00129E-9074-4BE4-A19D-A6EC4A620BBE}.Release|x64.ActiveCfg = Release|x64
		{CD00129E-9074-4BE4-A19D-A6EC4A620BBE}.Release|x64.Build.0 = Release|x64
		{CD00129E-9074-4BE4-A19D-A6EC4A620BBE}.Release|x86.ActiveCfg = Release|Win32
		{CD00129E-9074-4BE4-A19D-A6EC4A620BBE}.Release|x86.Build.0 = Release|Win32
	EndGlobalSection
	GlobalSection(SolutionProperties) = preSolution
		HideSolutionNode = FALSE
	EndGlobalSection
	GlobalSection(ExtensibilityGlobals) = postSolution
		SolutionGuid = {E2B42A05-4F0B-419D-90C5-3B308A28C9E6}
	EndGlobalSection
EndGlobal
